
Microsoft Visual Studio Solution File, Format Version 12.00
# Visual Studio Version 17
VisualStudioVersion = 17.0.31903.59
MinimumVisualStudioVersion = 10.0.40219.1
Project("{2150E333-8FDC-42A3-9474-1A3956D46DE8}") = "2024", "2024", "{EE2E9654-4434-4A5C-A19A-1A169DB299A0}"
EndProject
Project("{FAE04EC0-301F-11D3-BF4B-00C04F79EFBC}") = "AdventOfCode2024", "2024\AdventOfCode2024.csproj", "{C691889F-D63F-41D1-90A1-8171651A0F7E}"
EndProject
Global
	GlobalSection(SolutionConfigurationPlatforms) = preSolution
		Debug|Any CPU = Debug|Any CPU
		Release|Any CPU = Release|Any CPU
	EndGlobalSection
	GlobalSection(SolutionProperties) = preSolution
		HideSolutionNode = FALSE
	EndGlobalSection
	GlobalSection(ProjectConfigurationPlatforms) = postSolution
		{C691889F-D63F-41D1-90A1-8171651A0F7E}.Debug|Any CPU.ActiveCfg = Debug|Any CPU
		{C691889F-D63F-41D1-90A1-8171651A0F7E}.Debug|Any CPU.Build.0 = Debug|Any CPU
		{C691889F-D63F-41D1-90A1-8171651A0F7E}.Release|Any CPU.ActiveCfg = Release|Any CPU
		{C691889F-D63F-41D1-90A1-8171651A0F7E}.Release|Any CPU.Build.0 = Release|Any CPU
	EndGlobalSection
	GlobalSection(NestedProjects) = preSolution
		{C691889F-D63F-41D1-90A1-8171651A0F7E} = {EE2E9654-4434-4A5C-A19A-1A169DB299A0}
	EndGlobalSection
EndGlobal
